
Microsoft Visual Studio Solution File, Format Version 12.00
# Visual Studio Version 16
VisualStudioVersion = 16.0.31410.357
MinimumVisualStudioVersion = 10.0.40219.1
Project("{2150E333-8FDC-42A3-9474-1A3956D46DE8}") = "Services", "Services", "{799A9D09-4EAC-4626-BB70-711E57AEF5BA}"
EndProject
Project("{2150E333-8FDC-42A3-9474-1A3956D46DE8}") = "Catalog", "Catalog", "{DE2789CB-5E99-4965-B116-C2697F03C510}"
EndProject
Project("{9A19103F-16F7-4668-BE54-9A1E7A4F7556}") = "Catalog.API", "Services\Catalog\Catalog.API\Catalog.API.csproj", "{FCEA815F-FA87-4054-8847-A3157C2A1620}"
EndProject
Project("{E53339B2-1760-4266-BCC7-CA923CBCF16C}") = "docker-compose", "docker-compose.dcproj", "{F8C826DB-88D1-4E43-972E-73A70652A7DB}"
EndProject
Project("{2150E333-8FDC-42A3-9474-1A3956D46DE8}") = "Basket", "Basket", "{1CF68C7C-6784-4C47-9F66-1898AF73A773}"
EndProject
Project("{9A19103F-16F7-4668-BE54-9A1E7A4F7556}") = "Basket.API", "Services\Basket\Basket.API\Basket.API.csproj", "{06ABE65E-6E2B-4EA9-908B-1627A0A5E71E}"
EndProject
Project("{2150E333-8FDC-42A3-9474-1A3956D46DE8}") = "Discount", "Discount", "{63E60F1C-A3FD-463F-8A4A-E5913E7B1E8E}"
EndProject
Project("{9A19103F-16F7-4668-BE54-9A1E7A4F7556}") = "Discount.API", "Services\Discount\Discount.API\Discount.API.csproj", "{BD007AD6-525D-4B27-B76B-94AAF92B872A}"
EndProject
Project("{9A19103F-16F7-4668-BE54-9A1E7A4F7556}") = "Discount.Grpc", "Services\Discount\Discount.Grpc\Discount.Grpc.csproj", "{8E06ED8E-E19F-4033-9ADC-A1FDDB55B6FB}"
EndProject
Project("{2150E333-8FDC-42A3-9474-1A3956D46DE8}") = "Ordering", "Ordering", "{F0C73C73-A3E6-4114-B34A-BA1C7B97DB7C}"
EndProject
Project("{9A19103F-16F7-4668-BE54-9A1E7A4F7556}") = "Ordering.API", "Services\Ordering\Ordering.API\Ordering.API.csproj", "{E8C19B54-3753-410F-A826-5E1B75E110F8}"
EndProject
Project("{9A19103F-16F7-4668-BE54-9A1E7A4F7556}") = "Ordering.Domain", "Services\Ordering\Ordering.Domain\Ordering.Domain.csproj", "{66127BF9-F14E-4529-AACE-9ECFF352E639}"
EndProject
Project("{9A19103F-16F7-4668-BE54-9A1E7A4F7556}") = "Ordering.Application", "Services\Ordering\Ordering.Application\Ordering.Application.csproj", "{6C366613-8412-4A7F-9920-2D13455A01EB}"
EndProject
Project("{9A19103F-16F7-4668-BE54-9A1E7A4F7556}") = "Ordering.Infrastructure", "Services\Ordering\Ordering.Infrastructure\Ordering.Infrastructure.csproj", "{B769CDC6-8B9F-4008-A50F-38A6348EBE13}"
EndProject
Project("{2150E333-8FDC-42A3-9474-1A3956D46DE8}") = "BuildingBlocks", "BuildingBlocks", "{D9E20877-4DA3-46F4-BA71-B21F99C72C9D}"
EndProject
Project("{FAE04EC0-301F-11D3-BF4B-00C04F79EFBC}") = "EventBus.Messages", "BuildingBlocks\EventBus.Messages\EventBus.Messages.csproj", "{6F5CE9FF-1088-402F-B0D6-CB346D88B8E8}"
EndProject
Project("{2150E333-8FDC-42A3-9474-1A3956D46DE8}") = "ApiGateways", "ApiGateways", "{8E7DDBDD-CB8E-4238-8C44-3AD7C7EEFF43}"
EndProject
Project("{FAE04EC0-301F-11D3-BF4B-00C04F79EFBC}") = "OcelotApiGateway", "ApiGateways\OcelotApiGateway\OcelotApiGateway.csproj", "{32E7116B-B2C8-4138-B99B-6759239D0B95}"
EndProject
Global
	GlobalSection(SolutionConfigurationPlatforms) = preSolution
		Debug|Any CPU = Debug|Any CPU
		Release|Any CPU = Release|Any CPU
	EndGlobalSection
	GlobalSection(ProjectConfigurationPlatforms) = postSolution
		{FCEA815F-FA87-4054-8847-A3157C2A1620}.Debug|Any CPU.ActiveCfg = Debug|Any CPU
		{FCEA815F-FA87-4054-8847-A3157C2A1620}.Debug|Any CPU.Build.0 = Debug|Any CPU
		{FCEA815F-FA87-4054-8847-A3157C2A1620}.Release|Any CPU.ActiveCfg = Release|Any CPU
		{FCEA815F-FA87-4054-8847-A3157C2A1620}.Release|Any CPU.Build.0 = Release|Any CPU
		{F8C826DB-88D1-4E43-972E-73A70652A7DB}.Debug|Any CPU.ActiveCfg = Debug|Any CPU
		{F8C826DB-88D1-4E43-972E-73A70652A7DB}.Debug|Any CPU.Build.0 = Debug|Any CPU
		{F8C826DB-88D1-4E43-972E-73A70652A7DB}.Release|Any CPU.ActiveCfg = Release|Any CPU
		{F8C826DB-88D1-4E43-972E-73A70652A7DB}.Release|Any CPU.Build.0 = Release|Any CPU
		{06ABE65E-6E2B-4EA9-908B-1627A0A5E71E}.Debug|Any CPU.ActiveCfg = Debug|Any CPU
		{06ABE65E-6E2B-4EA9-908B-1627A0A5E71E}.Debug|Any CPU.Build.0 = Debug|Any CPU
		{06ABE65E-6E2B-4EA9-908B-1627A0A5E71E}.Release|Any CPU.ActiveCfg = Release|Any CPU
		{06ABE65E-6E2B-4EA9-908B-1627A0A5E71E}.Release|Any CPU.Build.0 = Release|Any CPU
		{BD007AD6-525D-4B27-B76B-94AAF92B872A}.Debug|Any CPU.ActiveCfg = Debug|Any CPU
		{BD007AD6-525D-4B27-B76B-94AAF92B872A}.Debug|Any CPU.Build.0 = Debug|Any CPU
		{BD007AD6-525D-4B27-B76B-94AAF92B872A}.Release|Any CPU.ActiveCfg = Release|Any CPU
		{BD007AD6-525D-4B27-B76B-94AAF92B872A}.Release|Any CPU.Build.0 = Release|Any CPU
		{8E06ED8E-E19F-4033-9ADC-A1FDDB55B6FB}.Debug|Any CPU.ActiveCfg = Debug|Any CPU
		{8E06ED8E-E19F-4033-9ADC-A1FDDB55B6FB}.Debug|Any CPU.Build.0 = Debug|Any CPU
		{8E06ED8E-E19F-4033-9ADC-A1FDDB55B6FB}.Release|Any CPU.ActiveCfg = Release|Any CPU
		{8E06ED8E-E19F-4033-9ADC-A1FDDB55B6FB}.Release|Any CPU.Build.0 = Release|Any CPU
		{E8C19B54-3753-410F-A826-5E1B75E110F8}.Debug|Any CPU.ActiveCfg = Debug|Any CPU
		{E8C19B54-3753-410F-A826-5E1B75E110F8}.Debug|Any CPU.Build.0 = Debug|Any CPU
		{E8C19B54-3753-410F-A826-5E1B75E110F8}.Release|Any CPU.ActiveCfg = Release|Any CPU
		{E8C19B54-3753-410F-A826-5E1B75E110F8}.Release|Any CPU.Build.0 = Release|Any CPU
		{66127BF9-F14E-4529-AACE-9ECFF352E639}.Debug|Any CPU.ActiveCfg = Debug|Any CPU
		{66127BF9-F14E-4529-AACE-9ECFF352E639}.Debug|Any CPU.Build.0 = Debug|Any CPU
		{66127BF9-F14E-4529-AACE-9ECFF352E639}.Release|Any CPU.ActiveCfg = Release|Any CPU
		{66127BF9-F14E-4529-AACE-9ECFF352E639}.Release|Any CPU.Build.0 = Release|Any CPU
		{6C366613-8412-4A7F-9920-2D13455A01EB}.Debug|Any CPU.ActiveCfg = Debug|Any CPU
		{6C366613-8412-4A7F-9920-2D13455A01EB}.Debug|Any CPU.Build.0 = Debug|Any CPU
		{6C366613-8412-4A7F-9920-2D13455A01EB}.Release|Any CPU.ActiveCfg = Release|Any CPU
		{6C366613-8412-4A7F-9920-2D13455A01EB}.Release|Any CPU.Build.0 = Release|Any CPU
		{B769CDC6-8B9F-4008-A50F-38A6348EBE13}.Debug|Any CPU.ActiveCfg = Debug|Any CPU
		{B769CDC6-8B9F-4008-A50F-38A6348EBE13}.Debug|Any CPU.Build.0 = Debug|Any CPU
		{B769CDC6-8B9F-4008-A50F-38A6348EBE13}.Release|Any CPU.ActiveCfg = Release|Any CPU
		{B769CDC6-8B9F-4008-A50F-38A6348EBE13}.Release|Any CPU.Build.0 = Release|Any CPU
		{6F5CE9FF-1088-402F-B0D6-CB346D88B8E8}.Debug|Any CPU.ActiveCfg = Debug|Any CPU
		{6F5CE9FF-1088-402F-B0D6-CB346D88B8E8}.Debug|Any CPU.Build.0 = Debug|Any CPU
		{6F5CE9FF-1088-402F-B0D6-CB346D88B8E8}.Release|Any CPU.ActiveCfg = Release|Any CPU
		{6F5CE9FF-1088-402F-B0D6-CB346D88B8E8}.Release|Any CPU.Build.0 = Release|Any CPU
		{32E7116B-B2C8-4138-B99B-6759239D0B95}.Debug|Any CPU.ActiveCfg = Debug|Any CPU
		{32E7116B-B2C8-4138-B99B-6759239D0B95}.Debug|Any CPU.Build.0 = Debug|Any CPU
		{32E7116B-B2C8-4138-B99B-6759239D0B95}.Release|Any CPU.ActiveCfg = Release|Any CPU
		{32E7116B-B2C8-4138-B99B-6759239D0B95}.Release|Any CPU.Build.0 = Release|Any CPU
	EndGlobalSection
	GlobalSection(SolutionProperties) = preSolution
		HideSolutionNode = FALSE
	EndGlobalSection
	GlobalSection(NestedProjects) = preSolution
		{DE2789CB-5E99-4965-B116-C2697F03C510} = {799A9D09-4EAC-4626-BB70-711E57AEF5BA}
		{FCEA815F-FA87-4054-8847-A3157C2A1620} = {DE2789CB-5E99-4965-B116-C2697F03C510}
		{1CF68C7C-6784-4C47-9F66-1898AF73A773} = {799A9D09-4EAC-4626-BB70-711E57AEF5BA}
		{06ABE65E-6E2B-4EA9-908B-1627A0A5E71E} = {1CF68C7C-6784-4C47-9F66-1898AF73A773}
		{63E60F1C-A3FD-463F-8A4A-E5913E7B1E8E} = {799A9D09-4EAC-4626-BB70-711E57AEF5BA}
		{BD007AD6-525D-4B27-B76B-94AAF92B872A} = {63E60F1C-A3FD-463F-8A4A-E5913E7B1E8E}
		{8E06ED8E-E19F-4033-9ADC-A1FDDB55B6FB} = {63E60F1C-A3FD-463F-8A4A-E5913E7B1E8E}
		{F0C73C73-A3E6-4114-B34A-BA1C7B97DB7C} = {799A9D09-4EAC-4626-BB70-711E57AEF5BA}
		{E8C19B54-3753-410F-A826-5E1B75E110F8} = {F0C73C73-A3E6-4114-B34A-BA1C7B97DB7C}
		{66127BF9-F14E-4529-AACE-9ECFF352E639} = {F0C73C73-A3E6-4114-B34A-BA1C7B97DB7C}
		{6C366613-8412-4A7F-9920-2D13455A01EB} = {F0C73C73-A3E6-4114-B34A-BA1C7B97DB7C}
		{B769CDC6-8B9F-4008-A50F-38A6348EBE13} = {F0C73C73-A3E6-4114-B34A-BA1C7B97DB7C}
		{6F5CE9FF-1088-402F-B0D6-CB346D88B8E8} = {D9E20877-4DA3-46F4-BA71-B21F99C72C9D}
		{32E7116B-B2C8-4138-B99B-6759239D0B95} = {8E7DDBDD-CB8E-4238-8C44-3AD7C7EEFF43}
	EndGlobalSection
	GlobalSection(ExtensibilityGlobals) = postSolution
		SolutionGuid = {75FAE86A-C839-45AC-AD0D-E3E98E70F015}
	EndGlobalSection
EndGlobal
